
Microsoft Visual Studio Solution File, Format Version 12.00
# Visual Studio 15
VisualStudioVersion = 15.0.27703.2026
MinimumVisualStudioVersion = 10.0.40219.1
Project("{FAE04EC0-301F-11D3-BF4B-00C04F79EFBC}") = "Akizuki.Bootloader", "Akizuki.Bootloader\Akizuki.Bootloader.csproj", "{FBACF99D-6C16-4637-9AA5-704E7B16D414}"
EndProject
Project("{FAE04EC0-301F-11D3-BF4B-00C04F79EFBC}") = "Akizuki.Core", "Akizuki.Core\Akizuki.Core.csproj", "{49A7303D-451D-48A1-ADA8-606FA64D1E5B}"
EndProject
Project("{FAE04EC0-301F-11D3-BF4B-00C04F79EFBC}") = "Akizuki.Handler.Null", "Akizuki.Handler.Null\Akizuki.Handler.Null.csproj", "{3925B204-5857-4CD3-833E-CC2D4A013F2C}"
EndProject
Project("{FAE04EC0-301F-11D3-BF4B-00C04F79EFBC}") = "Akizuki.Vendor.Null", "Akizuki.Vendor.Null\Akizuki.Vendor.Null.csproj", "{CB3BDE2E-166C-4589-B338-C948EB581F59}"
EndProject
Global
	GlobalSection(SolutionConfigurationPlatforms) = preSolution
		Debug|Any CPU = Debug|Any CPU
		Release|Any CPU = Release|Any CPU
	EndGlobalSection
	GlobalSection(ProjectConfigurationPlatforms) = postSolution
		{FBACF99D-6C16-4637-9AA5-704E7B16D414}.Debug|Any CPU.ActiveCfg = Debug|Any CPU
		{FBACF99D-6C16-4637-9AA5-704E7B16D414}.Debug|Any CPU.Build.0 = Debug|Any CPU
		{FBACF99D-6C16-4637-9AA5-704E7B16D414}.Release|Any CPU.ActiveCfg = Release|Any CPU
		{FBACF99D-6C16-4637-9AA5-704E7B16D414}.Release|Any CPU.Build.0 = Release|Any CPU
		{49A7303D-451D-48A1-ADA8-606FA64D1E5B}.Debug|Any CPU.ActiveCfg = Debug|Any CPU
		{49A7303D-451D-48A1-ADA8-606FA64D1E5B}.Debug|Any CPU.Build.0 = Debug|Any CPU
		{49A7303D-451D-48A1-ADA8-606FA64D1E5B}.Release|Any CPU.ActiveCfg = Release|Any CPU
		{49A7303D-451D-48A1-ADA8-606FA64D1E5B}.Release|Any CPU.Build.0 = Release|Any CPU
		{3925B204-5857-4CD3-833E-CC2D4A013F2C}.Debug|Any CPU.ActiveCfg = Debug|Any CPU
		{3925B204-5857-4CD3-833E-CC2D4A013F2C}.Debug|Any CPU.Build.0 = Debug|Any CPU
		{3925B204-5857-4CD3-833E-CC2D4A013F2C}.Release|Any CPU.ActiveCfg = Release|Any CPU
		{3925B204-5857-4CD3-833E-CC2D4A013F2C}.Release|Any CPU.Build.0 = Release|Any CPU
		{CB3BDE2E-166C-4589-B338-C948EB581F59}.Debug|Any CPU.ActiveCfg = Debug|Any CPU
		{CB3BDE2E-166C-4589-B338-C948EB581F59}.Debug|Any CPU.Build.0 = Debug|Any CPU
		{CB3BDE2E-166C-4589-B338-C948EB581F59}.Release|Any CPU.ActiveCfg = Release|Any CPU
		{CB3BDE2E-166C-4589-B338-C948EB581F59}.Release|Any CPU.Build.0 = Release|Any CPU
	EndGlobalSection
	GlobalSection(SolutionProperties) = preSolution
		HideSolutionNode = FALSE
	EndGlobalSection
	GlobalSection(ExtensibilityGlobals) = postSolution
		SolutionGuid = {E7E89192-5B1A-429A-955C-805E36A2DEB6}
	EndGlobalSection
EndGlobal
